
Microsoft Visual Studio Solution File, Format Version 12.00
# Visual Studio Version 16
VisualStudioVersion = 16.0.30804.86
MinimumVisualStudioVersion = 10.0.40219.1
Project("{FAE04EC0-301F-11D3-BF4B-00C04F79EFBC}") = "TransitIrelandApp", "TransitIrelandApp\TransitIrelandApp.csproj", "{55786FFD-26E3-4D91-8E6B-18250B9F9F8E}"
EndProject
Global
	GlobalSection(SolutionConfigurationPlatforms) = preSolution
		Debug|Any CPU = Debug|Any CPU
		Release|Any CPU = Release|Any CPU
	EndGlobalSection
	GlobalSection(ProjectConfigurationPlatforms) = postSolution
		{55786FFD-26E3-4D91-8E6B-18250B9F9F8E}.Debug|Any CPU.ActiveCfg = Debug|Any CPU
		{55786FFD-26E3-4D91-8E6B-18250B9F9F8E}.Debug|Any CPU.Build.0 = Debug|Any CPU
		{55786FFD-26E3-4D91-8E6B-18250B9F9F8E}.Release|Any CPU.ActiveCfg = Release|Any CPU
		{55786FFD-26E3-4D91-8E6B-18250B9F9F8E}.Release|Any CPU.Build.0 = Release|Any CPU
	EndGlobalSection
	GlobalSection(SolutionProperties) = preSolution
		HideSolutionNode = FALSE
	EndGlobalSection
	GlobalSection(ExtensibilityGlobals) = postSolution
		SolutionGuid = {CC4AD44D-94DB-4258-9819-E806B8AF7F58}
	EndGlobalSection
EndGlobal
